<Solution>

  <Folder Name="/_root/">
    <File Path="Directory.Build.props" />
    <File Path="global.json" />
    <File Path=".editorconfig" />
    <File Path=".gitattributes" />
    <File Path="nuget.config" />
    <File Path="LICENSE" />
    <File Path="NOTICE" />
    <File Path="README.md" />
  </Folder>

  <Folder Name="/docs/">
    <File Path="docs/plan/README.md" />
    <File Path="docs/plan/00-vision-and-principles.md" />
    <File Path="docs/plan/01-technology-decisions.md" />
    <File Path="docs/plan/02-repository-layout.md" />
    <File Path="docs/plan/03-core-foundation.md" />
    <File Path="docs/plan/04-ecs-and-scripting.md" />
    <File Path="docs/plan/05-graphics-rhi.md" />
    <File Path="docs/plan/06-rendering-pipeline.md" />
    <File Path="docs/plan/07-raven-shader-pipeline.md" />
    <File Path="docs/plan/08-asset-pipeline-and-addressables.md" />
    <File Path="docs/plan/09-ui-framework.md" />
    <File Path="docs/plan/10-platforms.md" />
    <File Path="docs/plan/11-editor.md" />
    <File Path="docs/plan/12-build-ci-and-testing.md" />
    <File Path="docs/plan/13-diagnostics.md" />
    <File Path="docs/plan/14-roadmap.md" />
    <File Path="docs/plan/15-risks-and-open-questions.md" />
    <File Path="docs/plan/16-networking.md" />
    <File Path="docs/plan/17-app-heads-and-shipping.md" />
  </Folder>

  <!--
    Core — the shared foundation (docs/plan/02-repository-layout.md § "Core/").
    Vixen.Core.Syntax was lifted out of Raven so that Raven, VXML and VCSS are three
    grammars over one tested tree rather than three trees (doc 07 § A).
  -->
  <Folder Name="/Core/">
    <Project Path="Core/Vixen.Core/Vixen.Core.csproj" />
    <Project Path="Core/Vixen.Core.Tests/Vixen.Core.Tests.csproj" />
    <Project Path="Core/Vixen.Core.Syntax/Vixen.Core.Syntax.csproj" />
    <Project Path="Core/Vixen.Core.Syntax.Tests/Vixen.Core.Syntax.Tests.csproj" />
    <Project Path="Core/Vixen.Core.Syntax.Generator/Vixen.Core.Syntax.Generator.csproj" />
  </Folder>

  <!--
    Raven — the shader compiler.
    Layout follows docs/plan/02-repository-layout.md § "Raven/": one folder per
    project, named after the assembly, with tests as a sibling (ADR-014).
  -->
  <Folder Name="/Raven/">
    <File Path="Raven/Directory.Build.props" />
    <File Path="Raven/README.md" />
    <Project Path="Raven/Vixen.Raven/Vixen.Raven.csproj" />
    <Project Path="Raven/Vixen.Raven.Tests/Vixen.Raven.Tests.csproj" />
    <Project Path="Raven/Vixen.Raven.Cli/Vixen.Raven.Cli.csproj" />
  </Folder>

</Solution>
